// !$*UTF8*$!
{
	archiveVersion = 1;
	classes = {
	};
	objectVersion = 50;
	objects = {

/* Begin PBXBuildFile section */
		53E35A725389524479A19F2C /* Pods_Telstra_TelstraUITests.framework in Frameworks */ = {isa = PBXBuildFile; fileRef = BB93834D24B0CDA74E2FD215 /* Pods_Telstra_TelstraUITests.framework */; };
		B55CA8922435A0BC00389837 /* AppDelegate.swift in Sources */ = {isa = PBXBuildFile; fileRef = B55CA8912435A0BC00389837 /* AppDelegate.swift */; };
		B55CA8942435A0BC00389837 /* SceneDelegate.swift in Sources */ = {isa = PBXBuildFile; fileRef = B55CA8932435A0BC00389837 /* SceneDelegate.swift */; };
		B55CA8962435A0BC00389837 /* ViewController.swift in Sources */ = {isa = PBXBuildFile; fileRef = B55CA8952435A0BC00389837 /* ViewController.swift */; };
		B55CA8992435A0BC00389837 /* Main.storyboard in Resources */ = {isa = PBXBuildFile; fileRef = B55CA8972435A0BC00389837 /* Main.storyboard */; };
		B55CA89B2435A0BE00389837 /* Assets.xcassets in Resources */ = {isa = PBXBuildFile; fileRef = B55CA89A2435A0BE00389837 /* Assets.xcassets */; };
		B55CA89E2435A0BE00389837 /* LaunchScreen.storyboard in Resources */ = {isa = PBXBuildFile; fileRef = B55CA89C2435A0BE00389837 /* LaunchScreen.storyboard */; };
		B55CA8A92435A0BE00389837 /* TelstraTests.swift in Sources */ = {isa = PBXBuildFile; fileRef = B55CA8A82435A0BE00389837 /* TelstraTests.swift */; };
		B55CA8B42435A0BF00389837 /* TelstraUITests.swift in Sources */ = {isa = PBXBuildFile; fileRef = B55CA8B32435A0BF00389837 /* TelstraUITests.swift */; };
		C7AD8F2EB46C9B486DC6DF94 /* Pods_Telstra.framework in Frameworks */ = {isa = PBXBuildFile; fileRef = C0C79CA5DA42E19E062070DB /* Pods_Telstra.framework */; };
		EC2ACD6A18A47CA40DB386FA /* Pods_TelstraTests.framework in Frameworks */ = {isa = PBXBuildFile; fileRef = B217A2E484FEFA0D26C28255 /* Pods_TelstraTests.framework */; };
/* End PBXBuildFile section */

/* Begin PBXContainerItemProxy section */
		B55CA8A52435A0BE00389837 /* PBXContainerItemProxy */ = {
			isa = PBXContainerItemProxy;
			containerPortal = B55CA8862435A0BC00389837 /* Project object */;
			proxyType = 1;
			remoteGlobalIDString = B55CA88D2435A0BC00389837;
			remoteInfo = Telstra;
		};
		B55CA8B02435A0BF00389837 /* PBXContainerItemProxy */ = {
			isa = PBXContainerItemProxy;
			containerPortal = B55CA8862435A0BC00389837 /* Project object */;
			proxyType = 1;
			remoteGlobalIDString = B55CA88D2435A0BC00389837;
			remoteInfo = Telstra;
		};
/* End PBXContainerItemProxy section */

/* Begin PBXFileReference section */
		086A07FBBE8BFF636C6B3130 /* Pods-Telstra-TelstraUITests.debug.xcconfig */ = {isa = PBXFileReference; includeInIndex = 1; lastKnownFileType = text.xcconfig; name = "Pods-Telstra-TelstraUITests.debug.xcconfig"; path = "Target Support Files/Pods-Telstra-TelstraUITests/Pods-Telstra-TelstraUITests.debug.xcconfig"; sourceTree = "<group>"; };
		1384E5BCB9F017D487013E8F /* Pods-TelstraTests.debug.xcconfig */ = {isa = PBXFileReference; includeInIndex = 1; lastKnownFileType = text.xcconfig; name = "Pods-TelstraTests.debug.xcconfig"; path = "Target Support Files/Pods-TelstraTests/Pods-TelstraTests.debug.xcconfig"; sourceTree = "<group>"; };
		4350FBF50C57480B99E910A3 /* Pods-Telstra.release.xcconfig */ = {isa = PBXFileReference; includeInIndex = 1; lastKnownFileType = text.xcconfig; name = "Pods-Telstra.release.xcconfig"; path = "Target Support Files/Pods-Telstra/Pods-Telstra.release.xcconfig"; sourceTree = "<group>"; };
		69DBE871FC0169648C20841D /* Pods-TelstraTests.release.xcconfig */ = {isa = PBXFileReference; includeInIndex = 1; lastKnownFileType = text.xcconfig; name = "Pods-TelstraTests.release.xcconfig"; path = "Target Support Files/Pods-TelstraTests/Pods-TelstraTests.release.xcconfig"; sourceTree = "<group>"; };
		8C11C13225422E6D7241BFD9 /* Pods-Telstra.debug.xcconfig */ = {isa = PBXFileReference; includeInIndex = 1; lastKnownFileType = text.xcconfig; name = "Pods-Telstra.debug.xcconfig"; path = "Target Support Files/Pods-Telstra/Pods-Telstra.debug.xcconfig"; sourceTree = "<group>"; };
		B217A2E484FEFA0D26C28255 /* Pods_TelstraTests.framework */ = {isa = PBXFileReference; explicitFileType = wrapper.framework; includeInIndex = 0; path = Pods_TelstraTests.framework; sourceTree = BUILT_PRODUCTS_DIR; };
		B55CA88E2435A0BC00389837 /* Telstra.app */ = {isa = PBXFileReference; explicitFileType = wrapper.application; includeInIndex = 0; path = Telstra.app; sourceTree = BUILT_PRODUCTS_DIR; };
		B55CA8912435A0BC00389837 /* AppDelegate.swift */ = {isa = PBXFileReference; lastKnownFileType = sourcecode.swift; path = AppDelegate.swift; sourceTree = "<group>"; };
		B55CA8932435A0BC00389837 /* SceneDelegate.swift */ = {isa = PBXFileReference; lastKnownFileType = sourcecode.swift; path = SceneDelegate.swift; sourceTree = "<group>"; };
		B55CA8952435A0BC00389837 /* ViewController.swift */ = {isa = PBXFileReference; lastKnownFileType = sourcecode.swift; path = ViewController.swift; sourceTree = "<group>"; };
		B55CA8982435A0BC00389837 /* Base */ = {isa = PBXFileReference; lastKnownFileType = file.storyboard; name = Base; path = Base.lproj/Main.storyboard; sourceTree = "<group>"; };
		B55CA89A2435A0BE00389837 /* Assets.xcassets */ = {isa = PBXFileReference; lastKnownFileType = folder.assetcatalog; path = Assets.xcassets; sourceTree = "<group>"; };
		B55CA89D2435A0BE00389837 /* Base */ = {isa = PBXFileReference; lastKnownFileType = file.storyboard; name = Base; path = Base.lproj/LaunchScreen.storyboard; sourceTree = "<group>"; };
		B55CA89F2435A0BE00389837 /* Info.plist */ = {isa = PBXFileReference; lastKnownFileType = text.plist.xml; path = Info.plist; sourceTree = "<group>"; };
		B55CA8A42435A0BE00389837 /* TelstraTests.xctest */ = {isa = PBXFileReference; explicitFileType = wrapper.cfbundle; includeInIndex = 0; path = TelstraTests.xctest; sourceTree = BUILT_PRODUCTS_DIR; };
		B55CA8A82435A0BE00389837 /* TelstraTests.swift */ = {isa = PBXFileReference; lastKnownFileType = sourcecode.swift; path = TelstraTests.swift; sourceTree = "<group>"; };
		B55CA8AA2435A0BE00389837 /* Info.plist */ = {isa = PBXFileReference; lastKnownFileType = text.plist.xml; path = Info.plist; sourceTree = "<group>"; };
		B55CA8AF2435A0BE00389837 /* TelstraUITests.xctest */ = {isa = PBXFileReference; explicitFileType = wrapper.cfbundle; includeInIndex = 0; path = TelstraUITests.xctest; sourceTree = BUILT_PRODUCTS_DIR; };
		B55CA8B32435A0BF00389837 /* TelstraUITests.swift */ = {isa = PBXFileReference; lastKnownFileType = sourcecode.swift; path = TelstraUITests.swift; sourceTree = "<group>"; };
		B55CA8B52435A0BF00389837 /* Info.plist */ = {isa = PBXFileReference; lastKnownFileType = text.plist.xml; path = Info.plist; sourceTree = "<group>"; };
		BB93834D24B0CDA74E2FD215 /* Pods_Telstra_TelstraUITests.framework */ = {isa = PBXFileReference; explicitFileType = wrapper.framework; includeInIndex = 0; path = Pods_Telstra_TelstraUITests.framework; sourceTree = BUILT_PRODUCTS_DIR; };
		C0C79CA5DA42E19E062070DB /* Pods_Telstra.framework */ = {isa = PBXFileReference; explicitFileType = wrapper.framework; includeInIndex = 0; path = Pods_Telstra.framework; sourceTree = BUILT_PRODUCTS_DIR; };
		D44AD1F759E981326C77E025 /* Pods-Telstra-TelstraUITests.release.xcconfig */ = {isa = PBXFileReference; includeInIndex = 1; lastKnownFileType = text.xcconfig; name = "Pods-Telstra-TelstraUITests.release.xcconfig"; path = "Target Support Files/Pods-Telstra-TelstraUITests/Pods-Telstra-TelstraUITests.release.xcconfig"; sourceTree = "<group>"; };
/* End PBXFileReference section */

/* Begin PBXFrameworksBuildPhase section */
		B55CA88B2435A0BC00389837 /* Frameworks */ = {
			isa = PBXFrameworksBuildPhase;
			buildActionMask = 2147483647;
			files = (
				C7AD8F2EB46C9B486DC6DF94 /* Pods_Telstra.framework in Frameworks */,
			);
			runOnlyForDeploymentPostprocessing = 0;
		};
		B55CA8A12435A0BE00389837 /* Frameworks */ = {
			isa = PBXFrameworksBuildPhase;
			buildActionMask = 2147483647;
			files = (
				EC2ACD6A18A47CA40DB386FA /* Pods_TelstraTests.framework in Frameworks */,
			);
			runOnlyForDeploymentPostprocessing = 0;
		};
		B55CA8AC2435A0BE00389837 /* Frameworks */ = {
			isa = PBXFrameworksBuildPhase;
			buildActionMask = 2147483647;
			files = (
				53E35A725389524479A19F2C /* Pods_Telstra_TelstraUITests.framework in Frameworks */,
			);
			runOnlyForDeploymentPostprocessing = 0;
		};
/* End PBXFrameworksBuildPhase section */

/* Begin PBXGroup section */
		37E89F499B869B4E33B80843 /* Frameworks */ = {
			isa = PBXGroup;
			children = (
				C0C79CA5DA42E19E062070DB /* Pods_Telstra.framework */,
				BB93834D24B0CDA74E2FD215 /* Pods_Telstra_TelstraUITests.framework */,
				B217A2E484FEFA0D26C28255 /* Pods_TelstraTests.framework */,
			);
			name = Frameworks;
			sourceTree = "<group>";
		};
		49345DA19A8D2991E592C8BA /* Pods */ = {
			isa = PBXGroup;
			children = (
				8C11C13225422E6D7241BFD9 /* Pods-Telstra.debug.xcconfig */,
				4350FBF50C57480B99E910A3 /* Pods-Telstra.release.xcconfig */,
				086A07FBBE8BFF636C6B3130 /* Pods-Telstra-TelstraUITests.debug.xcconfig */,
				D44AD1F759E981326C77E025 /* Pods-Telstra-TelstraUITests.release.xcconfig */,
				1384E5BCB9F017D487013E8F /* Pods-TelstraTests.debug.xcconfig */,
				69DBE871FC0169648C20841D /* Pods-TelstraTests.release.xcconfig */,
			);
			name = Pods;
			path = Pods;
			sourceTree = "<group>";
		};
		B55CA8852435A0BC00389837 = {
			isa = PBXGroup;
			children = (
				B55CA8902435A0BC00389837 /* Telstra */,
				B55CA8A72435A0BE00389837 /* TelstraTests */,
				B55CA8B22435A0BF00389837 /* TelstraUITests */,
				B55CA88F2435A0BC00389837 /* Products */,
				49345DA19A8D2991E592C8BA /* Pods */,
				37E89F499B869B4E33B80843 /* Frameworks */,
			);
			sourceTree = "<group>";
		};
		B55CA88F2435A0BC00389837 /* Products */ = {
			isa = PBXGroup;
			children = (
				B55CA88E2435A0BC00389837 /* Telstra.app */,
				B55CA8A42435A0BE00389837 /* TelstraTests.xctest */,
				B55CA8AF2435A0BE00389837 /* TelstraUITests.xctest */,
			);
			name = Products;
			sourceTree = "<group>";
		};
		B55CA8902435A0BC00389837 /* Telstra */ = {
			isa = PBXGroup;
			children = (
				B55CA8912435A0BC00389837 /* AppDelegate.swift */,
				B55CA8932435A0BC00389837 /* SceneDelegate.swift */,
				B55CA8952435A0BC00389837 /* ViewController.swift */,
				B55CA8972435A0BC00389837 /* Main.storyboard */,
				B55CA89A2435A0BE00389837 /* Assets.xcassets */,
				B55CA89C2435A0BE00389837 /* LaunchScreen.storyboard */,
				B55CA89F2435A0BE00389837 /* Info.plist */,
			);
			path = Telstra;
			sourceTree = "<group>";
		};
		B55CA8A72435A0BE00389837 /* TelstraTests */ = {
			isa = PBXGroup;
			children = (
				B55CA8A82435A0BE00389837 /* TelstraTests.swift */,
				B55CA8AA2435A0BE00389837 /* Info.plist */,
			);
			path = TelstraTests;
			sourceTree = "<group>";
		};
		B55CA8B22435A0BF00389837 /* TelstraUITests */ = {
			isa = PBXGroup;
			children = (
				B55CA8B32435A0BF00389837 /* TelstraUITests.swift */,
				B55CA8B52435A0BF00389837 /* Info.plist */,
			);
			path = TelstraUITests;
			sourceTree = "<group>";
		};
/* End PBXGroup section */

/* Begin PBXNativeTarget section */
		B55CA88D2435A0BC00389837 /* Telstra */ = {
			isa = PBXNativeTarget;
			buildConfigurationList = B55CA8B82435A0BF00389837 /* Build configuration list for PBXNativeTarget "Telstra" */;
			buildPhases = (
				BE49C813A10350BFF90F0E78 /* [CP] Check Pods Manifest.lock */,
				B55CA88A2435A0BC00389837 /* Sources */,
				B55CA88B2435A0BC00389837 /* Frameworks */,
				B55CA88C2435A0BC00389837 /* Resources */,
				D5508ECA4461720E6D1DB661 /* [CP] Embed Pods Frameworks */,
			);
			buildRules = (
			);
			dependencies = (
			);
			name = Telstra;
			productName = Telstra;
			productReference = B55CA88E2435A0BC00389837 /* Telstra.app */;
			productType = "com.apple.product-type.application";
		};
		B55CA8A32435A0BE00389837 /* TelstraTests */ = {
			isa = PBXNativeTarget;
			buildConfigurationList = B55CA8BB2435A0BF00389837 /* Build configuration list for PBXNativeTarget "TelstraTests" */;
			buildPhases = (
				7D450C833FAA14A93B6286EB /* [CP] Check Pods Manifest.lock */,
				B55CA8A02435A0BE00389837 /* Sources */,
				B55CA8A12435A0BE00389837 /* Frameworks */,
				B55CA8A22435A0BE00389837 /* Resources */,
			);
			buildRules = (
			);
			dependencies = (
				B55CA8A62435A0BE00389837 /* PBXTargetDependency */,
			);
			name = TelstraTests;
			productName = TelstraTests;
			productReference = B55CA8A42435A0BE00389837 /* TelstraTests.xctest */;
			productType = "com.apple.product-type.bundle.unit-test";
		};
		B55CA8AE2435A0BE00389837 /* TelstraUITests */ = {
			isa = PBXNativeTarget;
			buildConfigurationList = B55CA8BE2435A0BF00389837 /* Build configuration list for PBXNativeTarget "TelstraUITests" */;
			buildPhases = (
				F2B22B7F0B3E4F1ABAA511EC /* [CP] Check Pods Manifest.lock */,
				B55CA8AB2435A0BE00389837 /* Sources */,
				B55CA8AC2435A0BE00389837 /* Frameworks */,
				B55CA8AD2435A0BE00389837 /* Resources */,
				E7E4801414B10B6114EE16EE /* [CP] Embed Pods Frameworks */,
			);
			buildRules = (
			);
			dependencies = (
				B55CA8B12435A0BF00389837 /* PBXTargetDependency */,
			);
			name = TelstraUITests;
			productName = TelstraUITests;
			productReference = B55CA8AF2435A0BE00389837 /* TelstraUITests.xctest */;
			productType = "com.apple.product-type.bundle.ui-testing";
		};
/* End PBXNativeTarget section */

/* Begin PBXProject section */
		B55CA8862435A0BC00389837 /* Project object */ = {
			isa = PBXProject;
			attributes = {
				LastSwiftUpdateCheck = 1110;
				LastUpgradeCheck = 1110;
				ORGANIZATIONNAME = "Jay Salvador";
				TargetAttributes = {
					B55CA88D2435A0BC00389837 = {
						CreatedOnToolsVersion = 11.1;
					};
					B55CA8A32435A0BE00389837 = {
						CreatedOnToolsVersion = 11.1;
						TestTargetID = B55CA88D2435A0BC00389837;
					};
					B55CA8AE2435A0BE00389837 = {
						CreatedOnToolsVersion = 11.1;
						TestTargetID = B55CA88D2435A0BC00389837;
					};
				};
			};
			buildConfigurationList = B55CA8892435A0BC00389837 /* Build configuration list for PBXProject "Telstra" */;
			compatibilityVersion = "Xcode 9.3";
			developmentRegion = en;
			hasScannedForEncodings = 0;
			knownRegions = (
				en,
				Base,
			);
			mainGroup = B55CA8852435A0BC00389837;
			productRefGroup = B55CA88F2435A0BC00389837 /* Products */;
			projectDirPath = "";
			projectRoot = "";
			targets = (
				B55CA88D2435A0BC00389837 /* Telstra */,
				B55CA8A32435A0BE00389837 /* TelstraTests */,
				B55CA8AE2435A0BE00389837 /* TelstraUITests */,
			);
		};
/* End PBXProject section */

/* Begin PBXResourcesBuildPhase section */
		B55CA88C2435A0BC00389837 /* Resources */ = {
			isa = PBXResourcesBuildPhase;
			buildActionMask = 2147483647;
			files = (
				B55CA89E2435A0BE00389837 /* LaunchScreen.storyboard in Resources */,
				B55CA89B2435A0BE00389837 /* Assets.xcassets in Resources */,
				B55CA8992435A0BC00389837 /* Main.storyboard in Resources */,
			);
			runOnlyForDeploymentPostprocessing = 0;
		};
		B55CA8A22435A0BE00389837 /* Resources */ = {
			isa = PBXResourcesBuildPhase;
			buildActionMask = 2147483647;
			files = (
			);
			runOnlyForDeploymentPostprocessing = 0;
		};
		B55CA8AD2435A0BE00389837 /* Resources */ = {
			isa = PBXResourcesBuildPhase;
			buildActionMask = 2147483647;
			files = (
			);
			runOnlyForDeploymentPostprocessing = 0;
		};
/* End PBXResourcesBuildPhase section */

/* Begin PBXShellScriptBuildPhase section */
		7D450C833FAA14A93B6286EB /* [CP] Check Pods Manifest.lock */ = {
			isa = PBXShellScriptBuildPhase;
			buildActionMask = 2147483647;
			files = (
			);
			inputFileListPaths = (
			);
			inputPaths = (
				"${PODS_PODFILE_DIR_PATH}/Podfile.lock",
				"${PODS_ROOT}/Manifest.lock",
			);
			name = "[CP] Check Pods Manifest.lock";
			outputFileListPaths = (
			);
			outputPaths = (
				"$(DERIVED_FILE_DIR)/Pods-TelstraTests-checkManifestLockResult.txt",
			);
			runOnlyForDeploymentPostprocessing = 0;
			shellPath = /bin/sh;
			shellScript = "diff \"${PODS_PODFILE_DIR_PATH}/Podfile.lock\" \"${PODS_ROOT}/Manifest.lock\" > /dev/null\nif [ $? != 0 ] ; then\n    # print error to STDERR\n    echo \"error: The sandbox is not in sync with the Podfile.lock. Run 'pod install' or update your CocoaPods installation.\" >&2\n    exit 1\nfi\n# This output is used by Xcode 'outputs' to avoid re-running this script phase.\necho \"SUCCESS\" > \"${SCRIPT_OUTPUT_FILE_0}\"\n";
			showEnvVarsInLog = 0;
		};
		BE49C813A10350BFF90F0E78 /* [CP] Check Pods Manifest.lock */ = {
			isa = PBXShellScriptBuildPhase;
			buildActionMask = 2147483647;
			files = (
			);
			inputFileListPaths = (
			);
			inputPaths = (
				"${PODS_PODFILE_DIR_PATH}/Podfile.lock",
				"${PODS_ROOT}/Manifest.lock",
			);
			name = "[CP] Check Pods Manifest.lock";
			outputFileListPaths = (
			);
			outputPaths = (
				"$(DERIVED_FILE_DIR)/Pods-Telstra-checkManifestLockResult.txt",
			);
			runOnlyForDeploymentPostprocessing = 0;
			shellPath = /bin/sh;
			shellScript = "diff \"${PODS_PODFILE_DIR_PATH}/Podfile.lock\" \"${PODS_ROOT}/Manifest.lock\" > /dev/null\nif [ $? != 0 ] ; then\n    # print error to STDERR\n    echo \"error: The sandbox is not in sync with the Podfile.lock. Run 'pod install' or update your CocoaPods installation.\" >&2\n    exit 1\nfi\n# This output is used by Xcode 'outputs' to avoid re-running this script phase.\necho \"SUCCESS\" > \"${SCRIPT_OUTPUT_FILE_0}\"\n";
			showEnvVarsInLog = 0;
		};
		D5508ECA4461720E6D1DB661 /* [CP] Embed Pods Frameworks */ = {
			isa = PBXShellScriptBuildPhase;
			buildActionMask = 2147483647;
			files = (
			);
			inputFileListPaths = (
				"${PODS_ROOT}/Target Support Files/Pods-Telstra/Pods-Telstra-frameworks-${CONFIGURATION}-input-files.xcfilelist",
			);
			name = "[CP] Embed Pods Frameworks";
			outputFileListPaths = (
				"${PODS_ROOT}/Target Support Files/Pods-Telstra/Pods-Telstra-frameworks-${CONFIGURATION}-output-files.xcfilelist",
			);
			runOnlyForDeploymentPostprocessing = 0;
			shellPath = /bin/sh;
			shellScript = "\"${PODS_ROOT}/Target Support Files/Pods-Telstra/Pods-Telstra-frameworks.sh\"\n";
			showEnvVarsInLog = 0;
		};
		E7E4801414B10B6114EE16EE /* [CP] Embed Pods Frameworks */ = {
			isa = PBXShellScriptBuildPhase;
			buildActionMask = 2147483647;
			files = (
			);
			inputFileListPaths = (
				"${PODS_ROOT}/Target Support Files/Pods-Telstra-TelstraUITests/Pods-Telstra-TelstraUITests-frameworks-${CONFIGURATION}-input-files.xcfilelist",
			);
			name = "[CP] Embed Pods Frameworks";
			outputFileListPaths = (
				"${PODS_ROOT}/Target Support Files/Pods-Telstra-TelstraUITests/Pods-Telstra-TelstraUITests-frameworks-${CONFIGURATION}-output-files.xcfilelist",
			);
			runOnlyForDeploymentPostprocessing = 0;
			shellPath = /bin/sh;
			shellScript = "\"${PODS_ROOT}/Target Support Files/Pods-Telstra-TelstraUITests/Pods-Telstra-TelstraUITests-frameworks.sh\"\n";
			showEnvVarsInLog = 0;
		};
		F2B22B7F0B3E4F1ABAA511EC /* [CP] Check Pods Manifest.lock */ = {
			isa = PBXShellScriptBuildPhase;
			buildActionMask = 2147483647;
			files = (
			);
			inputFileListPaths = (
			);
			inputPaths = (
				"${PODS_PODFILE_DIR_PATH}/Podfile.lock",
				"${PODS_ROOT}/Manifest.lock",
			);
			name = "[CP] Check Pods Manifest.lock";
			outputFileListPaths = (
			);
			outputPaths = (
				"$(DERIVED_FILE_DIR)/Pods-Telstra-TelstraUITests-checkManifestLockResult.txt",
			);
			runOnlyForDeploymentPostprocessing = 0;
			shellPath = /bin/sh;
			shellScript = "diff \"${PODS_PODFILE_DIR_PATH}/Podfile.lock\" \"${PODS_ROOT}/Manifest.lock\" > /dev/null\nif [ $? != 0 ] ; then\n    # print error to STDERR\n    echo \"error: The sandbox is not in sync with the Podfile.lock. Run 'pod install' or update your CocoaPods installation.\" >&2\n    exit 1\nfi\n# This output is used by Xcode 'outputs' to avoid re-running this script phase.\necho \"SUCCESS\" > \"${SCRIPT_OUTPUT_FILE_0}\"\n";
			showEnvVarsInLog = 0;
		};
/* End PBXShellScriptBuildPhase section */

/* Begin PBXSourcesBuildPhase section */
		B55CA88A2435A0BC00389837 /* Sources */ = {
			isa = PBXSourcesBuildPhase;
			buildActionMask = 2147483647;
			files = (
				B55CA8962435A0BC00389837 /* ViewController.swift in Sources */,
				B55CA8922435A0BC00389837 /* AppDelegate.swift in Sources */,
				B55CA8942435A0BC00389837 /* SceneDelegate.swift in Sources */,
			);
			runOnlyForDeploymentPostprocessing = 0;
		};
		B55CA8A02435A0BE00389837 /* Sources */ = {
			isa = PBXSourcesBuildPhase;
			buildActionMask = 2147483647;
			files = (
				B55CA8A92435A0BE00389837 /* TelstraTests.swift in Sources */,
			);
			runOnlyForDeploymentPostprocessing = 0;
		};
		B55CA8AB2435A0BE00389837 /* Sources */ = {
			isa = PBXSourcesBuildPhase;
			buildActionMask = 2147483647;
			files = (
				B55CA8B42435A0BF00389837 /* TelstraUITests.swift in Sources */,
			);
			runOnlyForDeploymentPostprocessing = 0;
		};
/* End PBXSourcesBuildPhase section */

/* Begin PBXTargetDependency section */
		B55CA8A62435A0BE00389837 /* PBXTargetDependency */ = {
			isa = PBXTargetDependency;
			target = B55CA88D2435A0BC00389837 /* Telstra */;
			targetProxy = B55CA8A52435A0BE00389837 /* PBXContainerItemProxy */;
		};
		B55CA8B12435A0BF00389837 /* PBXTargetDependency */ = {
			isa = PBXTargetDependency;
			target = B55CA88D2435A0BC00389837 /* Telstra */;
			targetProxy = B55CA8B02435A0BF00389837 /* PBXContainerItemProxy */;
		};
/* End PBXTargetDependency section */

/* Begin PBXVariantGroup section */
		B55CA8972435A0BC00389837 /* Main.storyboard */ = {
			isa = PBXVariantGroup;
			children = (
				B55CA8982435A0BC00389837 /* Base */,
			);
			name = Main.storyboard;
			sourceTree = "<group>";
		};
		B55CA89C2435A0BE00389837 /* LaunchScreen.storyboard */ = {
			isa = PBXVariantGroup;
			children = (
				B55CA89D2435A0BE00389837 /* Base */,
			);
			name = LaunchScreen.storyboard;
			sourceTree = "<group>";
		};
/* End PBXVariantGroup section */

/* Begin XCBuildConfiguration section */
		B55CA8B62435A0BF00389837 /* Debug */ = {
			isa = XCBuildConfiguration;
			buildSettings = {
				ALWAYS_SEARCH_USER_PATHS = NO;
				CLANG_ANALYZER_NONNULL = YES;
				CLANG_ANALYZER_NUMBER_OBJECT_CONVERSION = YES_AGGRESSIVE;
				CLANG_CXX_LANGUAGE_STANDARD = "gnu++14";
				CLANG_CXX_LIBRARY = "libc++";
				CLANG_ENABLE_MODULES = YES;
				CLANG_ENABLE_OBJC_ARC = YES;
				CLANG_ENABLE_OBJC_WEAK = YES;
				CLANG_WARN_BLOCK_CAPTURE_AUTORELEASING = YES;
				CLANG_WARN_BOOL_CONVERSION = YES;
				CLANG_WARN_COMMA = YES;
				CLANG_WARN_CONSTANT_CONVERSION = YES;
				CLANG_WARN_DEPRECATED_OBJC_IMPLEMENTATIONS = YES;
				CLANG_WARN_DIRECT_OBJC_ISA_USAGE = YES_ERROR;
				CLANG_WARN_DOCUMENTATION_COMMENTS = YES;
				CLANG_WARN_EMPTY_BODY = YES;
				CLANG_WARN_ENUM_CONVERSION = YES;
				CLANG_WARN_INFINITE_RECURSION = YES;
				CLANG_WARN_INT_CONVERSION = YES;
				CLANG_WARN_NON_LITERAL_NULL_CONVERSION = YES;
				CLANG_WARN_OBJC_IMPLICIT_RETAIN_SELF = YES;
				CLANG_WARN_OBJC_LITERAL_CONVERSION = YES;
				CLANG_WARN_OBJC_ROOT_CLASS = YES_ERROR;
				CLANG_WARN_RANGE_LOOP_ANALYSIS = YES;
				CLANG_WARN_STRICT_PROTOTYPES = YES;
				CLANG_WARN_SUSPICIOUS_MOVE = YES;
				CLANG_WARN_UNGUARDED_AVAILABILITY = YES_AGGRESSIVE;
				CLANG_WARN_UNREACHABLE_CODE = YES;
				CLANG_WARN__DUPLICATE_METHOD_MATCH = YES;
				COPY_PHASE_STRIP = NO;
				DEBUG_INFORMATION_FORMAT = dwarf;
				ENABLE_STRICT_OBJC_MSGSEND = YES;
				ENABLE_TESTABILITY = YES;
				GCC_C_LANGUAGE_STANDARD = gnu11;
				GCC_DYNAMIC_NO_PIC = NO;
				GCC_NO_COMMON_BLOCKS = YES;
				GCC_OPTIMIZATION_LEVEL = 0;
				GCC_PREPROCESSOR_DEFINITIONS = (
					"DEBUG=1",
					"$(inherited)",
				);
				GCC_WARN_64_TO_32_BIT_CONVERSION = YES;
				GCC_WARN_ABOUT_RETURN_TYPE = YES_ERROR;
				GCC_WARN_UNDECLARED_SELECTOR = YES;
				GCC_WARN_UNINITIALIZED_AUTOS = YES_AGGRESSIVE;
				GCC_WARN_UNUSED_FUNCTION = YES;
				GCC_WARN_UNUSED_VARIABLE = YES;
				IPHONEOS_DEPLOYMENT_TARGET = 13.1;
				MTL_ENABLE_DEBUG_INFO = INCLUDE_SOURCE;
				MTL_FAST_MATH = YES;
				ONLY_ACTIVE_ARCH = YES;
				SDKROOT = iphoneos;
				SWIFT_ACTIVE_COMPILATION_CONDITIONS = DEBUG;
				SWIFT_OPTIMIZATION_LEVEL = "-Onone";
			};
			name = Debug;
		};
		B55CA8B72435A0BF00389837 /* Release */ = {
			isa = XCBuildConfiguration;
			buildSettings = {
				ALWAYS_SEARCH_USER_PATHS = NO;
				CLANG_ANALYZER_NONNULL = YES;
				CLANG_ANALYZER_NUMBER_OBJECT_CONVERSION = YES_AGGRESSIVE;
				CLANG_CXX_LANGUAGE_STANDARD = "gnu++14";
				CLANG_CXX_LIBRARY = "libc++";
				CLANG_ENABLE_MODULES = YES;
				CLANG_ENABLE_OBJC_ARC = YES;
				CLANG_ENABLE_OBJC_WEAK = YES;
				CLANG_WARN_BLOCK_CAPTURE_AUTORELEASING = YES;
				CLANG_WARN_BOOL_CONVERSION = YES;
				CLANG_WARN_COMMA = YES;
				CLANG_WARN_CONSTANT_CONVERSION = YES;
				CLANG_WARN_DEPRECATED_OBJC_IMPLEMENTATIONS = YES;
				CLANG_WARN_DIRECT_OBJC_ISA_USAGE = YES_ERROR;
				CLANG_WARN_DOCUMENTATION_COMMENTS = YES;
				CLANG_WARN_EMPTY_BODY = YES;
				CLANG_WARN_ENUM_CONVERSION = YES;
				CLANG_WARN_INFINITE_RECURSION = YES;
				CLANG_WARN_INT_CONVERSION = YES;
				CLANG_WARN_NON_LITERAL_NULL_CONVERSION = YES;
				CLANG_WARN_OBJC_IMPLICIT_RETAIN_SELF = YES;
				CLANG_WARN_OBJC_LITERAL_CONVERSION = YES;
				CLANG_WARN_OBJC_ROOT_CLASS = YES_ERROR;
				CLANG_WARN_RANGE_LOOP_ANALYSIS = YES;
				CLANG_WARN_STRICT_PROTOTYPES = YES;
				CLANG_WARN_SUSPICIOUS_MOVE = YES;
				CLANG_WARN_UNGUARDED_AVAILABILITY = YES_AGGRESSIVE;
				CLANG_WARN_UNREACHABLE_CODE = YES;
				CLANG_WARN__DUPLICATE_METHOD_MATCH = YES;
				COPY_PHASE_STRIP = NO;
				DEBUG_INFORMATION_FORMAT = "dwarf-with-dsym";
				ENABLE_NS_ASSERTIONS = NO;
				ENABLE_STRICT_OBJC_MSGSEND = YES;
				GCC_C_LANGUAGE_STANDARD = gnu11;
				GCC_NO_COMMON_BLOCKS = YES;
				GCC_WARN_64_TO_32_BIT_CONVERSION = YES;
				GCC_WARN_ABOUT_RETURN_TYPE = YES_ERROR;
				GCC_WARN_UNDECLARED_SELECTOR = YES;
				GCC_WARN_UNINITIALIZED_AUTOS = YES_AGGRESSIVE;
				GCC_WARN_UNUSED_FUNCTION = YES;
				GCC_WARN_UNUSED_VARIABLE = YES;
				IPHONEOS_DEPLOYMENT_TARGET = 13.1;
				MTL_ENABLE_DEBUG_INFO = NO;
				MTL_FAST_MATH = YES;
				SDKROOT = iphoneos;
				SWIFT_COMPILATION_MODE = wholemodule;
				SWIFT_OPTIMIZATION_LEVEL = "-O";
				VALIDATE_PRODUCT = YES;
			};
			name = Release;
		};
		B55CA8B92435A0BF00389837 /* Debug */ = {
			isa = XCBuildConfiguration;
			baseConfigurationReference = 8C11C13225422E6D7241BFD9 /* Pods-Telstra.debug.xcconfig */;
			buildSettings = {
				ASSETCATALOG_COMPILER_APPICON_NAME = AppIcon;
				CODE_SIGN_STYLE = Automatic;
				INFOPLIST_FILE = Telstra/Info.plist;
				LD_RUNPATH_SEARCH_PATHS = (
					"$(inherited)",
					"@executable_path/Frameworks",
				);
				PRODUCT_BUNDLE_IDENTIFIER = com.jaysalvador.Telstra;
				PRODUCT_NAME = "$(TARGET_NAME)";
				SWIFT_VERSION = 5.0;
				TARGETED_DEVICE_FAMILY = "1,2";
			};
			name = Debug;
		};
		B55CA8BA2435A0BF00389837 /* Release */ = {
			isa = XCBuildConfiguration;
			baseConfigurationReference = 4350FBF50C57480B99E910A3 /* Pods-Telstra.release.xcconfig */;
			buildSettings = {
				ASSETCATALOG_COMPILER_APPICON_NAME = AppIcon;
				CODE_SIGN_STYLE = Automatic;
				INFOPLIST_FILE = Telstra/Info.plist;
				LD_RUNPATH_SEARCH_PATHS = (
					"$(inherited)",
					"@executable_path/Frameworks",
				);
				PRODUCT_BUNDLE_IDENTIFIER = com.jaysalvador.Telstra;
				PRODUCT_NAME = "$(TARGET_NAME)";
				SWIFT_VERSION = 5.0;
				TARGETED_DEVICE_FAMILY = "1,2";
			};
			name = Release;
		};
		B55CA8BC2435A0BF00389837 /* Debug */ = {
			isa = XCBuildConfiguration;
			baseConfigurationReference = 1384E5BCB9F017D487013E8F /* Pods-TelstraTests.debug.xcconfig */;
			buildSettings = {
				ALWAYS_EMBED_SWIFT_STANDARD_LIBRARIES = YES;
				BUNDLE_LOADER = "$(TEST_HOST)";
				CODE_SIGN_STYLE = Automatic;
				INFOPLIST_FILE = TelstraTests/Info.plist;
				IPHONEOS_DEPLOYMENT_TARGET = 13.1;
				LD_RUNPATH_SEARCH_PATHS = (
					"$(inherited)",
					"@executable_path/Frameworks",
					"@loader_path/Frameworks",
				);
				PRODUCT_BUNDLE_IDENTIFIER = com.jaysalvador.TelstraTests;
				PRODUCT_NAME = "$(TARGET_NAME)";
				SWIFT_VERSION = 5.0;
				TARGETED_DEVICE_FAMILY = "1,2";
				TEST_HOST = "$(BUILT_PRODUCTS_DIR)/Telstra.app/Telstra";
			};
			name = Debug;
		};
		B55CA8BD2435A0BF00389837 /* Release */ = {
			isa = XCBuildConfiguration;
			baseConfigurationReference = 69DBE871FC0169648C20841D /* Pods-TelstraTests.release.xcconfig */;
			buildSettings = {
				ALWAYS_EMBED_SWIFT_STANDARD_LIBRARIES = YES;
				BUNDLE_LOADER = "$(TEST_HOST)";
				CODE_SIGN_STYLE = Automatic;
				INFOPLIST_FILE = TelstraTests/Info.plist;
				IPHONEOS_DEPLOYMENT_TARGET = 13.1;
				LD_RUNPATH_SEARCH_PATHS = (
					"$(inherited)",
					"@executable_path/Frameworks",
					"@loader_path/Frameworks",
				);
				PRODUCT_BUNDLE_IDENTIFIER = com.jaysalvador.TelstraTests;
				PRODUCT_NAME = "$(TARGET_NAME)";
				SWIFT_VERSION = 5.0;
				TARGETED_DEVICE_FAMILY = "1,2";
				TEST_HOST = "$(BUILT_PRODUCTS_DIR)/Telstra.app/Telstra";
			};
			name = Release;
		};
		B55CA8BF2435A0BF00389837 /* Debug */ = {
			isa = XCBuildConfiguration;
			baseConfigurationReference = 086A07FBBE8BFF636C6B3130 /* Pods-Telstra-TelstraUITests.debug.xcconfig */;
			buildSettings = {
				ALWAYS_EMBED_SWIFT_STANDARD_LIBRARIES = YES;
				CODE_SIGN_STYLE = Automatic;
				INFOPLIST_FILE = TelstraUITests/Info.plist;
				LD_RUNPATH_SEARCH_PATHS = (
					"$(inherited)",
					"@executable_path/Frameworks",
					"@loader_path/Frameworks",
				);
				PRODUCT_BUNDLE_IDENTIFIER = com.jaysalvador.TelstraUITests;
				PRODUCT_NAME = "$(TARGET_NAME)";
				SWIFT_VERSION = 5.0;
				TARGETED_DEVICE_FAMILY = "1,2";
				TEST_TARGET_NAME = Telstra;
			};
			name = Debug;
		};
		B55CA8C02435A0BF00389837 /* Release */ = {
			isa = XCBuildConfiguration;
			baseConfigurationReference = D44AD1F759E981326C77E025 /* Pods-Telstra-TelstraUITests.release.xcconfig */;
			buildSettings = {
				ALWAYS_EMBED_SWIFT_STANDARD_LIBRARIES = YES;
				CODE_SIGN_STYLE = Automatic;
				INFOPLIST_FILE = TelstraUITests/Info.plist;
				LD_RUNPATH_SEARCH_PATHS = (
					"$(inherited)",
					"@executable_path/Frameworks",
					"@loader_path/Frameworks",
				);
				PRODUCT_BUNDLE_IDENTIFIER = com.jaysalvador.TelstraUITests;
				PRODUCT_NAME = "$(TARGET_NAME)";
				SWIFT_VERSION = 5.0;
				TARGETED_DEVICE_FAMILY = "1,2";
				TEST_TARGET_NAME = Telstra;
			};
			name = Release;
		};
/* End XCBuildConfiguration section */

/* Begin XCConfigurationList section */
		B55CA8892435A0BC00389837 /* Build configuration list for PBXProject "Telstra" */ = {
			isa = XCConfigurationList;
			buildConfigurations = (
				B55CA8B62435A0BF00389837 /* Debug */,
				B55CA8B72435A0BF00389837 /* Release */,
			);
			defaultConfigurationIsVisible = 0;
			defaultConfigurationName = Release;
		};
		B55CA8B82435A0BF00389837 /* Build configuration list for PBXNativeTarget "Telstra" */ = {
			isa = XCConfigurationList;
			buildConfigurations = (
				B55CA8B92435A0BF00389837 /* Debug */,
				B55CA8BA2435A0BF00389837 /* Release */,
			);
			defaultConfigurationIsVisible = 0;
			defaultConfigurationName = Release;
		};
		B55CA8BB2435A0BF00389837 /* Build configuration list for PBXNativeTarget "TelstraTests" */ = {
			isa = XCConfigurationList;
			buildConfigurations = (
				B55CA8BC2435A0BF00389837 /* Debug */,
				B55CA8BD2435A0BF00389837 /* Release */,
			);
			defaultConfigurationIsVisible = 0;
			defaultConfigurationName = Release;
		};
		B55CA8BE2435A0BF00389837 /* Build configuration list for PBXNativeTarget "TelstraUITests" */ = {
			isa = XCConfigurationList;
			buildConfigurations = (
				B55CA8BF2435A0BF00389837 /* Debug */,
				B55CA8C02435A0BF00389837 /* Release */,
			);
			defaultConfigurationIsVisible = 0;
			defaultConfigurationName = Release;
		};
/* End XCConfigurationList section */
	};
	rootObject = B55CA8862435A0BC00389837 /* Project object */;
}
